
Microsoft Visual Studio Solution File, Format Version 12.00
# Visual Studio Version 16
VisualStudioVersion = 16.0.31424.327
MinimumVisualStudioVersion = 10.0.40219.1
Project("{FAE04EC0-301F-11D3-BF4B-00C04F79EFBC}") = "Cheques", "Cheques\Cheques.csproj", "{2087B4EC-F0F5-4C07-90F6-284D2A7A0382}"
EndProject
Global
	GlobalSection(SolutionConfigurationPlatforms) = preSolution
		Debug|Any CPU = Debug|Any CPU
		Release|Any CPU = Release|Any CPU
	EndGlobalSection
	GlobalSection(ProjectConfigurationPlatforms) = postSolution
		{2087B4EC-F0F5-4C07-90F6-284D2A7A0382}.Debug|Any CPU.ActiveCfg = Debug|Any CPU
		{2087B4EC-F0F5-4C07-90F6-284D2A7A0382}.Debug|Any CPU.Build.0 = Debug|Any CPU
		{2087B4EC-F0F5-4C07-90F6-284D2A7A0382}.Release|Any CPU.ActiveCfg = Release|Any CPU
		{2087B4EC-F0F5-4C07-90F6-284D2A7A0382}.Release|Any CPU.Build.0 = Release|Any CPU
	EndGlobalSection
	GlobalSection(SolutionProperties) = preSolution
		HideSolutionNode = FALSE
	EndGlobalSection
	GlobalSection(ExtensibilityGlobals) = postSolution
		SolutionGuid = {B2ABEA92-40A3-42C9-9BFE-4B4D6B64C1A9}
	EndGlobalSection
EndGlobal
